
Microsoft Visual Studio Solution File, Format Version 12.00
# Visual Studio Version 17
VisualStudioVersion = 17.2.32516.85
MinimumVisualStudioVersion = 10.0.40219.1
Project("{9A19103F-16F7-4668-BE54-9A1E7A4F7556}") = "BlazorDocs.RazorClassLib", "BlazorDoc.RazorClassLib\BlazorDocs.RazorClassLib.csproj", "{8D335649-05AE-4F54-A381-7049BE066C9A}"
EndProject
Project("{9A19103F-16F7-4668-BE54-9A1E7A4F7556}") = "BlazorDocs.ClassLib", "BlazorDocs.ClassLib\BlazorDocs.ClassLib.csproj", "{4B6C18CC-DE81-4DFA-B3A6-798AE6D9FFF9}"
EndProject
Project("{9A19103F-16F7-4668-BE54-9A1E7A4F7556}") = "BlazorDocs.Host.ServerSide", "BlazorDocs.Host.ServerSide\BlazorDocs.Host.ServerSide.csproj", "{BA6A8933-856B-4DD0-8EEF-D0EF42AA3468}"
EndProject
Global
	GlobalSection(SolutionConfigurationPlatforms) = preSolution
		Debug|Any CPU = Debug|Any CPU
		Release|Any CPU = Release|Any CPU
	EndGlobalSection
	GlobalSection(ProjectConfigurationPlatforms) = postSolution
		{8D335649-05AE-4F54-A381-7049BE066C9A}.Debug|Any CPU.ActiveCfg = Debug|Any CPU
		{8D335649-05AE-4F54-A381-7049BE066C9A}.Debug|Any CPU.Build.0 = Debug|Any CPU
		{8D335649-05AE-4F54-A381-7049BE066C9A}.Release|Any CPU.ActiveCfg = Release|Any CPU
		{8D335649-05AE-4F54-A381-7049BE066C9A}.Release|Any CPU.Build.0 = Release|Any CPU
		{4B6C18CC-DE81-4DFA-B3A6-798AE6D9FFF9}.Debug|Any CPU.ActiveCfg = Debug|Any CPU
		{4B6C18CC-DE81-4DFA-B3A6-798AE6D9FFF9}.Debug|Any CPU.Build.0 = Debug|Any CPU
		{4B6C18CC-DE81-4DFA-B3A6-798AE6D9FFF9}.Release|Any CPU.ActiveCfg = Release|Any CPU
		{4B6C18CC-DE81-4DFA-B3A6-798AE6D9FFF9}.Release|Any CPU.Build.0 = Release|Any CPU
		{BA6A8933-856B-4DD0-8EEF-D0EF42AA3468}.Debug|Any CPU.ActiveCfg = Debug|Any CPU
		{BA6A8933-856B-4DD0-8EEF-D0EF42AA3468}.Debug|Any CPU.Build.0 = Debug|Any CPU
		{BA6A8933-856B-4DD0-8EEF-D0EF42AA3468}.Release|Any CPU.ActiveCfg = Release|Any CPU
		{BA6A8933-856B-4DD0-8EEF-D0EF42AA3468}.Release|Any CPU.Build.0 = Release|Any CPU
	EndGlobalSection
	GlobalSection(SolutionProperties) = preSolution
		HideSolutionNode = FALSE
	EndGlobalSection
	GlobalSection(ExtensibilityGlobals) = postSolution
		SolutionGuid = {69AE5E25-302F-4777-9010-0F4BDFF9EE0C}
	EndGlobalSection
EndGlobal
